
Microsoft Visual Studio Solution File, Format Version 12.00
# Visual Studio 2013
VisualStudioVersion = 12.0.31101.0
MinimumVisualStudioVersion = 10.0.40219.1
Project("{FAE04EC0-301F-11D3-BF4B-00C04F79EFBC}") = "AGLPetApiClient", "AGLDemo1\AGLPetApiClient.csproj", "{187A419A-3724-4AA7-BC98-82A486F3908E}"
EndProject
Project("{FAE04EC0-301F-11D3-BF4B-00C04F79EFBC}") = "AGLPetApiClientTests", "AGLPetApiClientTests\AGLPetApiClientTests.csproj", "{51DFB34A-3E6C-4A4A-BD12-EFA07125953D}"
EndProject
Project("{2150E333-8FDC-42A3-9474-1A3956D46DE8}") = ".nuget", ".nuget", "{24B2EA6A-1B7D-418B-85A3-E8B903AAD137}"
	ProjectSection(SolutionItems) = preProject
		.nuget\packages.config = .nuget\packages.config
	EndProjectSection
EndProject
Global
	GlobalSection(SolutionConfigurationPlatforms) = preSolution
		Debug|Any CPU = Debug|Any CPU
		Release|Any CPU = Release|Any CPU
	EndGlobalSection
	GlobalSection(ProjectConfigurationPlatforms) = postSolution
		{187A419A-3724-4AA7-BC98-82A486F3908E}.Debug|Any CPU.ActiveCfg = Debug|Any CPU
		{187A419A-3724-4AA7-BC98-82A486F3908E}.Debug|Any CPU.Build.0 = Debug|Any CPU
		{187A419A-3724-4AA7-BC98-82A486F3908E}.Release|Any CPU.ActiveCfg = Release|Any CPU
		{187A419A-3724-4AA7-BC98-82A486F3908E}.Release|Any CPU.Build.0 = Release|Any CPU
		{51DFB34A-3E6C-4A4A-BD12-EFA07125953D}.Debug|Any CPU.ActiveCfg = Debug|Any CPU
		{51DFB34A-3E6C-4A4A-BD12-EFA07125953D}.Debug|Any CPU.Build.0 = Debug|Any CPU
		{51DFB34A-3E6C-4A4A-BD12-EFA07125953D}.Release|Any CPU.ActiveCfg = Release|Any CPU
		{51DFB34A-3E6C-4A4A-BD12-EFA07125953D}.Release|Any CPU.Build.0 = Release|Any CPU
	EndGlobalSection
	GlobalSection(SolutionProperties) = preSolution
		HideSolutionNode = FALSE
	EndGlobalSection
EndGlobal
